
Microsoft Visual Studio Solution File, Format Version 12.00
# Visual Studio Version 17
VisualStudioVersion = 17.9.34728.123
MinimumVisualStudioVersion = 10.0.40219.1
Project("{FAE04EC0-301F-11D3-BF4B-00C04F79EFBC}") = "Aula90", "Aula90.csproj", "{FB7BA3EC-185E-4BEF-B816-284860026D31}"
EndProject
Global
	GlobalSection(SolutionConfigurationPlatforms) = preSolution
		Debug|Any CPU = Debug|Any CPU
		Release|Any CPU = Release|Any CPU
	EndGlobalSection
	GlobalSection(ProjectConfigurationPlatforms) = postSolution
		{FB7BA3EC-185E-4BEF-B816-284860026D31}.Debug|Any CPU.ActiveCfg = Debug|Any CPU
		{FB7BA3EC-185E-4BEF-B816-284860026D31}.Debug|Any CPU.Build.0 = Debug|Any CPU
		{FB7BA3EC-185E-4BEF-B816-284860026D31}.Release|Any CPU.ActiveCfg = Release|Any CPU
		{FB7BA3EC-185E-4BEF-B816-284860026D31}.Release|Any CPU.Build.0 = Release|Any CPU
	EndGlobalSection
	GlobalSection(SolutionProperties) = preSolution
		HideSolutionNode = FALSE
	EndGlobalSection
	GlobalSection(ExtensibilityGlobals) = postSolution
		SolutionGuid = {6D8CAF28-23A5-4019-91EC-E66F1D8E19D4}
	EndGlobalSection
EndGlobal
